hash: 8e49d6064880d7d239d99e241b0bfe73051efb156984c635bbbb2435647d0537
updated: 2017-05-17T20:23:39.771438701Z
imports:
- name: github.com/bobziuchkovski/cue
  version: 852726be06b5c373580e50301c29f53f642f65ec
  subpackages:
  - collector
  - format
- name: github.com/davecgh/go-spew
  version: 04cdfd42973bb9c8589fd6a731800cf222fde1a9
  subpackages:
  - spew
- name: github.com/eapache/go-resiliency
  version: b86b1ec0dd4209a588dc1285cdd471e73525c0b3
  subpackages:
  - breaker
- name: github.com/eapache/go-xerial-snappy
  version: bb955e01b9346ac19dc29eb16586c90ded99a98c
- name: github.com/eapache/queue
  version: 44cc805cf13205b55f69e14bcb69867d1ae92f98
- name: github.com/golang/snappy
  version: 553a641470496b2327abcac10b36396bd98e45c9
- name: github.com/pierrec/lz4
  version: 88df27974e3644957507a1ca1866edc8e98d4897
- name: github.com/pierrec/xxHash
  version: 5a004441f897722c627870a981d02b29924215fa
  subpackages:
  - xxHash32
- name: github.com/rcrowley/go-metrics
  version: 1f30fe9094a513ce4c700b9a54458bbb0c96996c
- name: github.com/remerge/go-timestr
  version: ff3620671690ff5f8e5f365e3a99190b2394ed85
- name: github.com/remerge/go-xorshift
  version: d47546b42ea9c5e7794a31b3fac844a12f45e390
  subpackages:
  - uuid
- name: github.com/Shopify/sarama
  version: c01858abb625b73a3af51d0798e4ad42c8147093
testImports:
- name: github.com/pmezard/go-difflib
  version: d8ed2627bdf02c080bf22230dbb337003b7aba2d
  subpackages:
  - difflib
- name: github.com/stretchr/testify
  version: 4d4bfba8f1d1027c4fdbe371823030df51419987
  subpackages:
  - assert
  - require
  - suite
