hash: 33b7fab9b635286ae9fb78eb7653f70bfdc6a163a6e55b7152fc8e557f42d867
updated: 2017-04-16T16:11:09.97983956Z
imports:
- name: github.com/beeker1121/goque
  version: 4044bc29b28064db4f08e947c4972d5ca3e0f3c8
- name: github.com/bobziuchkovski/cue
  version: 852726be06b5c373580e50301c29f53f642f65ec
  subpackages:
  - collector
  - format
- name: github.com/davecgh/go-spew
  version: 04cdfd42973bb9c8589fd6a731800cf222fde1a9
  subpackages:
  - spew
- name: github.com/eapache/go-resiliency
  version: b86b1ec0dd4209a588dc1285cdd471e73525c0b3
  subpackages:
  - breaker
- name: github.com/eapache/go-xerial-snappy
  version: bb955e01b9346ac19dc29eb16586c90ded99a98c
- name: github.com/eapache/queue
  version: 44cc805cf13205b55f69e14bcb69867d1ae92f98
- name: github.com/golang/snappy
  version: 553a641470496b2327abcac10b36396bd98e45c9
- name: github.com/klauspost/crc32
  version: 1bab8b35b6bb565f92cbc97939610af9369f942a
- name: github.com/pierrec/lz4
  version: f5b77fd73d83122495309c0f459b810f83cc291f
- name: github.com/pierrec/xxHash
  version: 5a004441f897722c627870a981d02b29924215fa
  subpackages:
  - xxHash32
- name: github.com/rcrowley/go-metrics
  version: 1f30fe9094a513ce4c700b9a54458bbb0c96996c
- name: github.com/remerge/go-timestr
  version: 854378a02e8fd5f4c1aa0eec1de0597ffddcf2fe
- name: github.com/remerge/go-xorshift
  version: c7e2786316c8b0c140cca990cc31ddfc7bd7ac6d
  subpackages:
  - uuid
- name: github.com/Shopify/sarama
  version: d4ece5d05a86b2b64248f4943f872bea961ec835
- name: github.com/syndtr/goleveldb
  version: 8c81ea47d4c41a385645e133e15510fc6a2a74b4
  subpackages:
  - leveldb
  - leveldb/cache
  - leveldb/comparer
  - leveldb/errors
  - leveldb/filter
  - leveldb/iterator
  - leveldb/journal
  - leveldb/memdb
  - leveldb/opt
  - leveldb/storage
  - leveldb/table
  - leveldb/util
testImports:
- name: github.com/pmezard/go-difflib
  version: d8ed2627bdf02c080bf22230dbb337003b7aba2d
  subpackages:
  - difflib
- name: github.com/stretchr/testify
  version: 4d4bfba8f1d1027c4fdbe371823030df51419987
  subpackages:
  - assert
  - require
  - suite
