hash: 38afe625439979c9bb68063a9fc4cee531fb29527f237ea69989dc3224a01e4e
updated: 2017-12-05T12:39:50.950556971+01:00
imports:
- name: github.com/davecgh/go-spew
  version: ecdeabc65495df2dec95d7c4a4c3e021903035e5
  subpackages:
  - spew
- name: github.com/eapache/go-resiliency
  version: b1fe83b5b03f624450823b751b662259ffc6af70
  subpackages:
  - breaker
- name: github.com/eapache/go-xerial-snappy
  version: bb955e01b9346ac19dc29eb16586c90ded99a98c
- name: github.com/eapache/queue
  version: 44cc805cf13205b55f69e14bcb69867d1ae92f98
- name: github.com/golang/snappy
  version: 553a641470496b2327abcac10b36396bd98e45c9
- name: github.com/pierrec/lz4
  version: 08c27939df1bd95e881e2c2367a749964ad1fceb
- name: github.com/pierrec/xxHash
  version: a0006b13c722f7f12368c00a3d3c2ae8a999a0c6
  subpackages:
  - xxHash32
- name: github.com/rcrowley/go-metrics
  version: e181e095bae94582363434144c61a9653aff6e50
- name: github.com/remerge/cue
  version: 2bf0689b2311d580f8c7182df1161899bbfc853f
  subpackages:
  - collector
  - format
- name: github.com/remerge/go-timestr
  version: a31c75d30272d252d3fe597d5be055553ebf43b8
- name: github.com/remerge/go-xorshift
  version: 311573fe0a94af7b7597258aaf1fc2fbee2db0d4
- name: github.com/Shopify/sarama
  version: 919e11f89aedafea2adbc6c2d616760efb916872
  repo: https://github.com/remerge/sarama
testImports:
- name: github.com/pmezard/go-difflib
  version: d8ed2627bdf02c080bf22230dbb337003b7aba2d
  subpackages:
  - difflib
- name: github.com/stretchr/testify
  version: 2aa2c176b9dab406a6970f6a55f513e8a8c8b18f
  subpackages:
  - assert
  - require
  - suite
